
Microsoft Visual Studio Solution File, Format Version 12.00
# Visual Studio 15
VisualStudioVersion = 15.0.28307.489
MinimumVisualStudioVersion = 10.0.40219.1
Project("{8BC9CEB8-8B4A-11D0-8D11-00A0C91BC942}") = "lec_04_source", "lec_04_source\lec_04_source.vcxproj", "{285BBEAB-43A2-4A98-9D2C-53899C605DD5}"
EndProject
Global
	GlobalSection(SolutionConfigurationPlatforms) = preSolution
		Debug|x64 = Debug|x64
		Debug|x86 = Debug|x86
		Release|x64 = Release|x64
		Release|x86 = Release|x86
	EndGlobalSection
	GlobalSection(ProjectConfigurationPlatforms) = postSolution
		{285BBEAB-43A2-4A98-9D2C-53899C605DD5}.Debug|x64.ActiveCfg = Debug|x64
		{285BBEAB-43A2-4A98-9D2C-53899C605DD5}.Debug|x64.Build.0 = Debug|x64
		{285BBEAB-43A2-4A98-9D2C-53899C605DD5}.Debug|x86.ActiveCfg = Debug|Win32
		{285BBEAB-43A2-4A98-9D2C-53899C605DD5}.Debug|x86.Build.0 = Debug|Win32
		{285BBEAB-43A2-4A98-9D2C-53899C605DD5}.Release|x64.ActiveCfg = Release|x64
		{285BBEAB-43A2-4A98-9D2C-53899C605DD5}.Release|x64.Build.0 = Release|x64
		{285BBEAB-43A2-4A98-9D2C-53899C605DD5}.Release|x86.ActiveCfg = Release|Win32
		{285BBEAB-43A2-4A98-9D2C-53899C605DD5}.Release|x86.Build.0 = Release|Win32
	EndGlobalSection
	GlobalSection(SolutionProperties) = preSolution
		HideSolutionNode = FALSE
	EndGlobalSection
	GlobalSection(ExtensibilityGlobals) = postSolution
		SolutionGuid = {F5841E0B-AC86-4118-9468-A844A9422608}
	EndGlobalSection
EndGlobal
